
Microsoft Visual Studio Solution File, Format Version 12.00
# Visual Studio Version 17
VisualStudioVersion = 17.6.33829.357
MinimumVisualStudioVersion = 10.0.40219.1
Project("{FAE04EC0-301F-11D3-BF4B-00C04F79EFBC}") = "TestWebApplication", "TestWebApplication.csproj", "{3DA1F9AC-EC9A-452A-87C0-E375B40563D4}"
EndProject
Project("{FAE04EC0-301F-11D3-BF4B-00C04F79EFBC}") = "DomainModels", "..\DomainModels\DomainModels.csproj", "{3360B987-07B2-4FF2-A90F-913ED7B902FA}"
EndProject
Project("{FAE04EC0-301F-11D3-BF4B-00C04F79EFBC}") = "MVC_BusinessLogicLayer", "..\MVC_BusinessLogicLayer\MVC_BusinessLogicLayer.csproj", "{437B333F-411E-4C43-B544-0FCFEABFBDCC}"
EndProject
Project("{9A19103F-16F7-4668-BE54-9A1E7A4F7556}") = "MVC_DataAccessLayer", "..\MVC_DataAccessLayer\MVC_DataAccessLayer.csproj", "{87ABADE8-CDB6-4D29-8101-672FBC412B94}"
EndProject
Global
	GlobalSection(SolutionConfigurationPlatforms) = preSolution
		Debug|Any CPU = Debug|Any CPU
		Release|Any CPU = Release|Any CPU
	EndGlobalSection
	GlobalSection(ProjectConfigurationPlatforms) = postSolution
		{3DA1F9AC-EC9A-452A-87C0-E375B40563D4}.Debug|Any CPU.ActiveCfg = Debug|Any CPU
		{3DA1F9AC-EC9A-452A-87C0-E375B40563D4}.Debug|Any CPU.Build.0 = Debug|Any CPU
		{3DA1F9AC-EC9A-452A-87C0-E375B40563D4}.Release|Any CPU.ActiveCfg = Release|Any CPU
		{3DA1F9AC-EC9A-452A-87C0-E375B40563D4}.Release|Any CPU.Build.0 = Release|Any CPU
		{3360B987-07B2-4FF2-A90F-913ED7B902FA}.Debug|Any CPU.ActiveCfg = Debug|Any CPU
		{3360B987-07B2-4FF2-A90F-913ED7B902FA}.Debug|Any CPU.Build.0 = Debug|Any CPU
		{3360B987-07B2-4FF2-A90F-913ED7B902FA}.Release|Any CPU.ActiveCfg = Release|Any CPU
		{3360B987-07B2-4FF2-A90F-913ED7B902FA}.Release|Any CPU.Build.0 = Release|Any CPU
		{437B333F-411E-4C43-B544-0FCFEABFBDCC}.Debug|Any CPU.ActiveCfg = Debug|Any CPU
		{437B333F-411E-4C43-B544-0FCFEABFBDCC}.Debug|Any CPU.Build.0 = Debug|Any CPU
		{437B333F-411E-4C43-B544-0FCFEABFBDCC}.Release|Any CPU.ActiveCfg = Release|Any CPU
		{437B333F-411E-4C43-B544-0FCFEABFBDCC}.Release|Any CPU.Build.0 = Release|Any CPU
		{87ABADE8-CDB6-4D29-8101-672FBC412B94}.Debug|Any CPU.ActiveCfg = Debug|Any CPU
		{87ABADE8-CDB6-4D29-8101-672FBC412B94}.Debug|Any CPU.Build.0 = Debug|Any CPU
		{87ABADE8-CDB6-4D29-8101-672FBC412B94}.Release|Any CPU.ActiveCfg = Release|Any CPU
		{87ABADE8-CDB6-4D29-8101-672FBC412B94}.Release|Any CPU.Build.0 = Release|Any CPU
	EndGlobalSection
	GlobalSection(SolutionProperties) = preSolution
		HideSolutionNode = FALSE
	EndGlobalSection
	GlobalSection(ExtensibilityGlobals) = postSolution
		SolutionGuid = {BA3B154B-1FAD-4B7D-90F2-3BE15F57DC23}
	EndGlobalSection
EndGlobal
